
Microsoft Visual Studio Solution File, Format Version 12.00
# Visual Studio 2013
VisualStudioVersion = 12.0.30110.0
MinimumVisualStudioVersion = 10.0.40219.1
Project("{2150E333-8FDC-42A3-9474-1A3956D46DE8}") = "Web", "Web", "{1B16F714-F502-4EF3-8834-9EA9158538D7}"
EndProject
Project("{2150E333-8FDC-42A3-9474-1A3956D46DE8}") = "DAL", "DAL", "{5C693E0D-8CD4-412F-B5AB-11D259C29DD0}"
EndProject
Project("{2150E333-8FDC-42A3-9474-1A3956D46DE8}") = "DataImport", "DataImport", "{381759D9-3387-4497-8688-231FFD959D51}"
EndProject
Project("{FAE04EC0-301F-11D3-BF4B-00C04F79EFBC}") = "RecipesSearch.DAL.Cache", "RecipesSearch.DAL.Cache\RecipesSearch.DAL.Cache.csproj", "{FA83A908-86E2-4E1F-A817-4E379F7BA611}"
EndProject
Project("{2150E333-8FDC-42A3-9474-1A3956D46DE8}") = "BL", "BL", "{36086542-0922-4F70-88F2-42E90D7AA4A7}"
EndProject
Project("{FAE04EC0-301F-11D3-BF4B-00C04F79EFBC}") = "RecipesSearch.SitePagesImporter", "RecipesSearch.Crawler\RecipesSearch.SitePagesImporter.csproj", "{7EF77B59-1700-4FFB-87EB-4048DC21DFE0}"
EndProject
Project("{FAE04EC0-301F-11D3-BF4B-00C04F79EFBC}") = "RecipesSearch.BusinessServices", "RecipesSearch.BusinessServices\RecipesSearch.BusinessServices.csproj", "{3075B2DE-512A-4BFA-96C9-B49D11A6DC3C}"
EndProject
Project("{2150E333-8FDC-42A3-9474-1A3956D46DE8}") = "ServicesAPI", "ServicesAPI", "{4E41D2A1-E5D9-4D15-B2A8-57E17B76277E}"
EndProject
Project("{FAE04EC0-301F-11D3-BF4B-00C04F79EFBC}") = "RecipesSearch.CacheService", "RecipesSearch.CacheService\RecipesSearch.CacheService.csproj", "{4181C673-B57A-4DB6-A0DE-6F5813CC587A}"
EndProject
Project("{FAE04EC0-301F-11D3-BF4B-00C04F79EFBC}") = "RecipesSearch.WebApplication", "RecipesSearch.WebApplication\RecipesSearch.WebApplication.csproj", "{83B67C8D-87E7-48C3-BFA8-EED44D016F74}"
	ProjectSection(ProjectDependencies) = postProject
		{3353E1A1-63D6-43B3-938B-889FBE5F4661} = {3353E1A1-63D6-43B3-938B-889FBE5F4661}
	EndProjectSection
EndProject
Project("{FAE04EC0-301F-11D3-BF4B-00C04F79EFBC}") = "RecipesSearch.Data", "RecipesSearch.Data\RecipesSearch.Data.csproj", "{F4257151-8806-4A0E-8E8B-9FE49FF98B47}"
EndProject
Project("{2150E333-8FDC-42A3-9474-1A3956D46DE8}") = ".nuget", ".nuget", "{8BEDA06A-22D3-4480-BE26-BBF9BB32CA3D}"
	ProjectSection(SolutionItems) = preProject
		.nuget\NuGet.Config = .nuget\NuGet.Config
		.nuget\NuGet.exe = .nuget\NuGet.exe
		.nuget\NuGet.targets = .nuget\NuGet.targets
	EndProjectSection
EndProject
Project("{FAE04EC0-301F-11D3-BF4B-00C04F79EFBC}") = "RecipesSearch.SearchEngine", "RecipesSearch.SearchEngine\RecipesSearch.SearchEngine.csproj", "{3785D491-7BFC-429B-A8E3-CB84F83644F6}"
EndProject
Project("{FAE04EC0-301F-11D3-BF4B-00C04F79EFBC}") = "RecipesSearch.ImporterService", "RecipesSearch.ImporterService\RecipesSearch.ImporterService.csproj", "{3353E1A1-63D6-43B3-938B-889FBE5F4661}"
EndProject
Global
	GlobalSection(SolutionConfigurationPlatforms) = preSolution
		Debug|Any CPU = Debug|Any CPU
		Demo|Any CPU = Demo|Any CPU
		Release|Any CPU = Release|Any CPU
	EndGlobalSection
	GlobalSection(ProjectConfigurationPlatforms) = postSolution
		{FA83A908-86E2-4E1F-A817-4E379F7BA611}.Debug|Any CPU.ActiveCfg = Debug|Any CPU
		{FA83A908-86E2-4E1F-A817-4E379F7BA611}.Debug|Any CPU.Build.0 = Debug|Any CPU
		{FA83A908-86E2-4E1F-A817-4E379F7BA611}.Demo|Any CPU.ActiveCfg = Release|Any CPU
		{FA83A908-86E2-4E1F-A817-4E379F7BA611}.Demo|Any CPU.Build.0 = Release|Any CPU
		{FA83A908-86E2-4E1F-A817-4E379F7BA611}.Release|Any CPU.ActiveCfg = Release|Any CPU
		{FA83A908-86E2-4E1F-A817-4E379F7BA611}.Release|Any CPU.Build.0 = Release|Any CPU
		{7EF77B59-1700-4FFB-87EB-4048DC21DFE0}.Debug|Any CPU.ActiveCfg = Debug|Any CPU
		{7EF77B59-1700-4FFB-87EB-4048DC21DFE0}.Debug|Any CPU.Build.0 = Debug|Any CPU
		{7EF77B59-1700-4FFB-87EB-4048DC21DFE0}.Demo|Any CPU.ActiveCfg = Release|Any CPU
		{7EF77B59-1700-4FFB-87EB-4048DC21DFE0}.Demo|Any CPU.Build.0 = Release|Any CPU
		{7EF77B59-1700-4FFB-87EB-4048DC21DFE0}.Release|Any CPU.ActiveCfg = Release|Any CPU
		{7EF77B59-1700-4FFB-87EB-4048DC21DFE0}.Release|Any CPU.Build.0 = Release|Any CPU
		{3075B2DE-512A-4BFA-96C9-B49D11A6DC3C}.Debug|Any CPU.ActiveCfg = Debug|Any CPU
		{3075B2DE-512A-4BFA-96C9-B49D11A6DC3C}.Debug|Any CPU.Build.0 = Debug|Any CPU
		{3075B2DE-512A-4BFA-96C9-B49D11A6DC3C}.Demo|Any CPU.ActiveCfg = Release|Any CPU
		{3075B2DE-512A-4BFA-96C9-B49D11A6DC3C}.Demo|Any CPU.Build.0 = Release|Any CPU
		{3075B2DE-512A-4BFA-96C9-B49D11A6DC3C}.Release|Any CPU.ActiveCfg = Release|Any CPU
		{3075B2DE-512A-4BFA-96C9-B49D11A6DC3C}.Release|Any CPU.Build.0 = Release|Any CPU
		{4181C673-B57A-4DB6-A0DE-6F5813CC587A}.Debug|Any CPU.ActiveCfg = Debug|Any CPU
		{4181C673-B57A-4DB6-A0DE-6F5813CC587A}.Debug|Any CPU.Build.0 = Debug|Any CPU
		{4181C673-B57A-4DB6-A0DE-6F5813CC587A}.Demo|Any CPU.ActiveCfg = Release|Any CPU
		{4181C673-B57A-4DB6-A0DE-6F5813CC587A}.Demo|Any CPU.Build.0 = Release|Any CPU
		{4181C673-B57A-4DB6-A0DE-6F5813CC587A}.Release|Any CPU.ActiveCfg = Release|Any CPU
		{4181C673-B57A-4DB6-A0DE-6F5813CC587A}.Release|Any CPU.Build.0 = Release|Any CPU
		{83B67C8D-87E7-48C3-BFA8-EED44D016F74}.Debug|Any CPU.ActiveCfg = Debug|Any CPU
		{83B67C8D-87E7-48C3-BFA8-EED44D016F74}.Debug|Any CPU.Build.0 = Debug|Any CPU
		{83B67C8D-87E7-48C3-BFA8-EED44D016F74}.Demo|Any CPU.ActiveCfg = Demo|Any CPU
		{83B67C8D-87E7-48C3-BFA8-EED44D016F74}.Demo|Any CPU.Build.0 = Demo|Any CPU
		{83B67C8D-87E7-48C3-BFA8-EED44D016F74}.Release|Any CPU.ActiveCfg = Release|Any CPU
		{83B67C8D-87E7-48C3-BFA8-EED44D016F74}.Release|Any CPU.Build.0 = Release|Any CPU
		{F4257151-8806-4A0E-8E8B-9FE49FF98B47}.Debug|Any CPU.ActiveCfg = Debug|Any CPU
		{F4257151-8806-4A0E-8E8B-9FE49FF98B47}.Debug|Any CPU.Build.0 = Debug|Any CPU
		{F4257151-8806-4A0E-8E8B-9FE49FF98B47}.Demo|Any CPU.ActiveCfg = Release|Any CPU
		{F4257151-8806-4A0E-8E8B-9FE49FF98B47}.Demo|Any CPU.Build.0 = Release|Any CPU
		{F4257151-8806-4A0E-8E8B-9FE49FF98B47}.Release|Any CPU.ActiveCfg = Release|Any CPU
		{F4257151-8806-4A0E-8E8B-9FE49FF98B47}.Release|Any CPU.Build.0 = Release|Any CPU
		{3785D491-7BFC-429B-A8E3-CB84F83644F6}.Debug|Any CPU.ActiveCfg = Debug|Any CPU
		{3785D491-7BFC-429B-A8E3-CB84F83644F6}.Debug|Any CPU.Build.0 = Debug|Any CPU
		{3785D491-7BFC-429B-A8E3-CB84F83644F6}.Demo|Any CPU.ActiveCfg = Release|Any CPU
		{3785D491-7BFC-429B-A8E3-CB84F83644F6}.Demo|Any CPU.Build.0 = Release|Any CPU
		{3785D491-7BFC-429B-A8E3-CB84F83644F6}.Release|Any CPU.ActiveCfg = Release|Any CPU
		{3785D491-7BFC-429B-A8E3-CB84F83644F6}.Release|Any CPU.Build.0 = Release|Any CPU
		{3353E1A1-63D6-43B3-938B-889FBE5F4661}.Debug|Any CPU.ActiveCfg = Debug|Any CPU
		{3353E1A1-63D6-43B3-938B-889FBE5F4661}.Debug|Any CPU.Build.0 = Debug|Any CPU
		{3353E1A1-63D6-43B3-938B-889FBE5F4661}.Demo|Any CPU.ActiveCfg = Demo|Any CPU
		{3353E1A1-63D6-43B3-938B-889FBE5F4661}.Demo|Any CPU.Build.0 = Demo|Any CPU
		{3353E1A1-63D6-43B3-938B-889FBE5F4661}.Release|Any CPU.ActiveCfg = Release|Any CPU
		{3353E1A1-63D6-43B3-938B-889FBE5F4661}.Release|Any CPU.Build.0 = Release|Any CPU
	EndGlobalSection
	GlobalSection(SolutionProperties) = preSolution
		HideSolutionNode = FALSE
	EndGlobalSection
	GlobalSection(NestedProjects) = preSolution
		{83B67C8D-87E7-48C3-BFA8-EED44D016F74} = {1B16F714-F502-4EF3-8834-9EA9158538D7}
		{FA83A908-86E2-4E1F-A817-4E379F7BA611} = {5C693E0D-8CD4-412F-B5AB-11D259C29DD0}
		{F4257151-8806-4A0E-8E8B-9FE49FF98B47} = {5C693E0D-8CD4-412F-B5AB-11D259C29DD0}
		{7EF77B59-1700-4FFB-87EB-4048DC21DFE0} = {381759D9-3387-4497-8688-231FFD959D51}
		{3353E1A1-63D6-43B3-938B-889FBE5F4661} = {381759D9-3387-4497-8688-231FFD959D51}
		{3075B2DE-512A-4BFA-96C9-B49D11A6DC3C} = {36086542-0922-4F70-88F2-42E90D7AA4A7}
		{3785D491-7BFC-429B-A8E3-CB84F83644F6} = {36086542-0922-4F70-88F2-42E90D7AA4A7}
		{4181C673-B57A-4DB6-A0DE-6F5813CC587A} = {4E41D2A1-E5D9-4D15-B2A8-57E17B76277E}
	EndGlobalSection
EndGlobal
