
Microsoft Visual Studio Solution File, Format Version 12.00
# Visual Studio 2013
VisualStudioVersion = 12.0.30110.0
MinimumVisualStudioVersion = 10.0.40219.1
Project("{2150E333-8FDC-42A3-9474-1A3956D46DE8}") = "Web", "Web", "{1B16F714-F502-4EF3-8834-9EA9158538D7}"
EndProject
Project("{2150E333-8FDC-42A3-9474-1A3956D46DE8}") = "DAL", "DAL", "{5C693E0D-8CD4-412F-B5AB-11D259C29DD0}"
EndProject
Project("{2150E333-8FDC-42A3-9474-1A3956D46DE8}") = "DataImport", "DataImport", "{381759D9-3387-4497-8688-231FFD959D51}"
EndProject
Project("{FAE04EC0-301F-11D3-BF4B-00C04F79EFBC}") = "RecipesSearch.DAL.Cache", "RecipesSearch.DAL.Cache\RecipesSearch.DAL.Cache.csproj", "{FA83A908-86E2-4E1F-A817-4E379F7BA611}"
EndProject
Project("{2150E333-8FDC-42A3-9474-1A3956D46DE8}") = "BL", "BL", "{36086542-0922-4F70-88F2-42E90D7AA4A7}"
EndProject
Project("{FAE04EC0-301F-11D3-BF4B-00C04F79EFBC}") = "RecipesSearch.SitePagesImporter", "RecipesSearch.Crawler\RecipesSearch.SitePagesImporter.csproj", "{7EF77B59-1700-4FFB-87EB-4048DC21DFE0}"
EndProject
Project("{FAE04EC0-301F-11D3-BF4B-00C04F79EFBC}") = "RecipesSearch.BusinessServices", "RecipesSearch.BusinessServices\RecipesSearch.BusinessServices.csproj", "{3075B2DE-512A-4BFA-96C9-B49D11A6DC3C}"
EndProject
Project("{2150E333-8FDC-42A3-9474-1A3956D46DE8}") = "Services", "Services", "{4E41D2A1-E5D9-4D15-B2A8-57E17B76277E}"
EndProject
Project("{FAE04EC0-301F-11D3-BF4B-00C04F79EFBC}") = "RecipesSearch.CacheService", "RecipesSearch.CacheService\RecipesSearch.CacheService.csproj", "{4181C673-B57A-4DB6-A0DE-6F5813CC587A}"
EndProject
Project("{FAE04EC0-301F-11D3-BF4B-00C04F79EFBC}") = "RecipesSearch.WebApplication", "RecipesSearch.WebApplication\RecipesSearch.WebApplication.csproj", "{83B67C8D-87E7-48C3-BFA8-EED44D016F74}"
EndProject
Project("{FAE04EC0-301F-11D3-BF4B-00C04F79EFBC}") = "RecipesSearch.DAL.SqlServer", "RecipesSearch.DAL.SqlServer\RecipesSearch.DAL.SqlServer.csproj", "{AB3D04B3-1572-47B5-A278-F23A887E9F6F}"
EndProject
Project("{FAE04EC0-301F-11D3-BF4B-00C04F79EFBC}") = "RecipesSearch.Data", "RecipesSearch.Data\RecipesSearch.Data.csproj", "{F4257151-8806-4A0E-8E8B-9FE49FF98B47}"
EndProject
Global
	GlobalSection(SolutionConfigurationPlatforms) = preSolution
		Debug|Any CPU = Debug|Any CPU
		Release|Any CPU = Release|Any CPU
	EndGlobalSection
	GlobalSection(ProjectConfigurationPlatforms) = postSolution
		{FA83A908-86E2-4E1F-A817-4E379F7BA611}.Debug|Any CPU.ActiveCfg = Debug|Any CPU
		{FA83A908-86E2-4E1F-A817-4E379F7BA611}.Debug|Any CPU.Build.0 = Debug|Any CPU
		{FA83A908-86E2-4E1F-A817-4E379F7BA611}.Release|Any CPU.ActiveCfg = Release|Any CPU
		{FA83A908-86E2-4E1F-A817-4E379F7BA611}.Release|Any CPU.Build.0 = Release|Any CPU
		{7EF77B59-1700-4FFB-87EB-4048DC21DFE0}.Debug|Any CPU.ActiveCfg = Debug|Any CPU
		{7EF77B59-1700-4FFB-87EB-4048DC21DFE0}.Debug|Any CPU.Build.0 = Debug|Any CPU
		{7EF77B59-1700-4FFB-87EB-4048DC21DFE0}.Release|Any CPU.ActiveCfg = Release|Any CPU
		{7EF77B59-1700-4FFB-87EB-4048DC21DFE0}.Release|Any CPU.Build.0 = Release|Any CPU
		{3075B2DE-512A-4BFA-96C9-B49D11A6DC3C}.Debug|Any CPU.ActiveCfg = Debug|Any CPU
		{3075B2DE-512A-4BFA-96C9-B49D11A6DC3C}.Debug|Any CPU.Build.0 = Debug|Any CPU
		{3075B2DE-512A-4BFA-96C9-B49D11A6DC3C}.Release|Any CPU.ActiveCfg = Release|Any CPU
		{3075B2DE-512A-4BFA-96C9-B49D11A6DC3C}.Release|Any CPU.Build.0 = Release|Any CPU
		{4181C673-B57A-4DB6-A0DE-6F5813CC587A}.Debug|Any CPU.ActiveCfg = Debug|Any CPU
		{4181C673-B57A-4DB6-A0DE-6F5813CC587A}.Debug|Any CPU.Build.0 = Debug|Any CPU
		{4181C673-B57A-4DB6-A0DE-6F5813CC587A}.Release|Any CPU.ActiveCfg = Release|Any CPU
		{4181C673-B57A-4DB6-A0DE-6F5813CC587A}.Release|Any CPU.Build.0 = Release|Any CPU
		{83B67C8D-87E7-48C3-BFA8-EED44D016F74}.Debug|Any CPU.ActiveCfg = Debug|Any CPU
		{83B67C8D-87E7-48C3-BFA8-EED44D016F74}.Debug|Any CPU.Build.0 = Debug|Any CPU
		{83B67C8D-87E7-48C3-BFA8-EED44D016F74}.Release|Any CPU.ActiveCfg = Release|Any CPU
		{83B67C8D-87E7-48C3-BFA8-EED44D016F74}.Release|Any CPU.Build.0 = Release|Any CPU
		{AB3D04B3-1572-47B5-A278-F23A887E9F6F}.Debug|Any CPU.ActiveCfg = Debug|Any CPU
		{AB3D04B3-1572-47B5-A278-F23A887E9F6F}.Debug|Any CPU.Build.0 = Debug|Any CPU
		{AB3D04B3-1572-47B5-A278-F23A887E9F6F}.Release|Any CPU.ActiveCfg = Release|Any CPU
		{AB3D04B3-1572-47B5-A278-F23A887E9F6F}.Release|Any CPU.Build.0 = Release|Any CPU
		{F4257151-8806-4A0E-8E8B-9FE49FF98B47}.Debug|Any CPU.ActiveCfg = Debug|Any CPU
		{F4257151-8806-4A0E-8E8B-9FE49FF98B47}.Debug|Any CPU.Build.0 = Debug|Any CPU
		{F4257151-8806-4A0E-8E8B-9FE49FF98B47}.Release|Any CPU.ActiveCfg = Release|Any CPU
		{F4257151-8806-4A0E-8E8B-9FE49FF98B47}.Release|Any CPU.Build.0 = Release|Any CPU
	EndGlobalSection
	GlobalSection(SolutionProperties) = preSolution
		HideSolutionNode = FALSE
	EndGlobalSection
	GlobalSection(NestedProjects) = preSolution
		{83B67C8D-87E7-48C3-BFA8-EED44D016F74} = {1B16F714-F502-4EF3-8834-9EA9158538D7}
		{FA83A908-86E2-4E1F-A817-4E379F7BA611} = {5C693E0D-8CD4-412F-B5AB-11D259C29DD0}
		{AB3D04B3-1572-47B5-A278-F23A887E9F6F} = {5C693E0D-8CD4-412F-B5AB-11D259C29DD0}
		{F4257151-8806-4A0E-8E8B-9FE49FF98B47} = {5C693E0D-8CD4-412F-B5AB-11D259C29DD0}
		{7EF77B59-1700-4FFB-87EB-4048DC21DFE0} = {381759D9-3387-4497-8688-231FFD959D51}
		{3075B2DE-512A-4BFA-96C9-B49D11A6DC3C} = {36086542-0922-4F70-88F2-42E90D7AA4A7}
		{4181C673-B57A-4DB6-A0DE-6F5813CC587A} = {4E41D2A1-E5D9-4D15-B2A8-57E17B76277E}
	EndGlobalSection
EndGlobal
